
Microsoft Visual Studio Solution File, Format Version 12.00
# Visual Studio 14
VisualStudioVersion = 14.0.25420.1
MinimumVisualStudioVersion = 10.0.40219.1
Project("{FAE04EC0-301F-11D3-BF4B-00C04F79EFBC}") = "Mappers", "Mappers\Mappers.csproj", "{18E1741E-42A9-4349-900B-7D2DFCAFF8AE}"
EndProject
Project("{2150E333-8FDC-42A3-9474-1A3956D46DE8}") = "Package", "Package", "{FB0C5552-C42E-40C2-AA53-F0C76F097843}"
EndProject
Project("{FF286327-C783-4F7A-AB73-9BCBAD0D4460}") = "Mappers", "Package\Mappers\Mappers.nuproj", "{C64AB079-C936-4C15-8890-1F4D0C2A6BC6}"
EndProject
Global
	GlobalSection(SolutionConfigurationPlatforms) = preSolution
		Debug|Any CPU = Debug|Any CPU
		Release|Any CPU = Release|Any CPU
	EndGlobalSection
	GlobalSection(ProjectConfigurationPlatforms) = postSolution
		{18E1741E-42A9-4349-900B-7D2DFCAFF8AE}.Debug|Any CPU.ActiveCfg = Debug|Any CPU
		{18E1741E-42A9-4349-900B-7D2DFCAFF8AE}.Debug|Any CPU.Build.0 = Debug|Any CPU
		{18E1741E-42A9-4349-900B-7D2DFCAFF8AE}.Release|Any CPU.ActiveCfg = Release|Any CPU
		{18E1741E-42A9-4349-900B-7D2DFCAFF8AE}.Release|Any CPU.Build.0 = Release|Any CPU
		{C64AB079-C936-4C15-8890-1F4D0C2A6BC6}.Debug|Any CPU.ActiveCfg = Debug|Any CPU
		{C64AB079-C936-4C15-8890-1F4D0C2A6BC6}.Debug|Any CPU.Build.0 = Debug|Any CPU
		{C64AB079-C936-4C15-8890-1F4D0C2A6BC6}.Release|Any CPU.ActiveCfg = Release|Any CPU
		{C64AB079-C936-4C15-8890-1F4D0C2A6BC6}.Release|Any CPU.Build.0 = Release|Any CPU
	EndGlobalSection
	GlobalSection(SolutionProperties) = preSolution
		HideSolutionNode = FALSE
	EndGlobalSection
	GlobalSection(NestedProjects) = preSolution
		{C64AB079-C936-4C15-8890-1F4D0C2A6BC6} = {FB0C5552-C42E-40C2-AA53-F0C76F097843}
	EndGlobalSection
EndGlobal
